
Microsoft Visual Studio Solution File, Format Version 12.00
# Visual Studio Version 17
VisualStudioVersion = 17.8.34330.188
MinimumVisualStudioVersion = 10.0.40219.1
Project("{9A19103F-16F7-4668-BE54-9A1E7A4F7556}") = "ApiAuth", "ApiAuth.csproj", "{ECC58B42-8A44-4C2B-805A-E986BDEF0F24}"
EndProject
Global
	GlobalSection(SolutionConfigurationPlatforms) = preSolution
		Debug|Any CPU = Debug|Any CPU
		Release|Any CPU = Release|Any CPU
	EndGlobalSection
	GlobalSection(ProjectConfigurationPlatforms) = postSolution
		{ECC58B42-8A44-4C2B-805A-E986BDEF0F24}.Debug|Any CPU.ActiveCfg = Debug|Any CPU
		{ECC58B42-8A44-4C2B-805A-E986BDEF0F24}.Debug|Any CPU.Build.0 = Debug|Any CPU
		{ECC58B42-8A44-4C2B-805A-E986BDEF0F24}.Release|Any CPU.ActiveCfg = Release|Any CPU
		{ECC58B42-8A44-4C2B-805A-E986BDEF0F24}.Release|Any CPU.Build.0 = Release|Any CPU
	EndGlobalSection
	GlobalSection(SolutionProperties) = preSolution
		HideSolutionNode = FALSE
	EndGlobalSection
	GlobalSection(ExtensibilityGlobals) = postSolution
		SolutionGuid = {D14340F3-B54F-4E62-B40C-9338D5E91B98}
	EndGlobalSection
EndGlobal
